// !$*UTF8*$!
{
	archiveVersion = 1;
	classes = {
	};
	objectVersion = 55;
	objects = {

/* Begin PBXBuildFile section */
		B789165F27CDCD0A004781DE /* switch.swift in Sources */ = {isa = PBXBuildFile; fileRef = B789165E27CDCD0A004781DE /* switch.swift */; };
		B7DCB0C027BF3F2300552408 /* comparision_operators.swift in Sources */ = {isa = PBXBuildFile; fileRef = B7DCB0BF27BF3F2300552408 /* comparision_operators.swift */; };
		B7DCB0C227BF4F3D00552408 /* range_operators.swift in Sources */ = {isa = PBXBuildFile; fileRef = B7DCB0C127BF4F3D00552408 /* range_operators.swift */; };
		B7FF4BE027A8E4F4002B7D63 /* main.swift in Sources */ = {isa = PBXBuildFile; fileRef = B7FF4BDF27A8E4F4002B7D63 /* main.swift */; };
/* End PBXBuildFile section */

/* Begin PBXCopyFilesBuildPhase section */
		B7FF4BDA27A8E4F4002B7D63 /* CopyFiles */ = {
			isa = PBXCopyFilesBuildPhase;
			buildActionMask = 2147483647;
			dstPath = /usr/share/man/man1/;
			dstSubfolderSpec = 0;
			files = (
			);
			runOnlyForDeploymentPostprocessing = 1;
		};
/* End PBXCopyFilesBuildPhase section */

/* Begin PBXFileReference section */
		B789165E27CDCD0A004781DE /* switch.swift */ = {isa = PBXFileReference; lastKnownFileType = sourcecode.swift; path = switch.swift; sourceTree = "<group>"; };
		B7DCB0BD27BF3C4900552408 /* README.md */ = {isa = PBXFileReference; lastKnownFileType = net.daringfireball.markdown; path = README.md; sourceTree = "<group>"; };
		B7DCB0BF27BF3F2300552408 /* comparision_operators.swift */ = {isa = PBXFileReference; lastKnownFileType = sourcecode.swift; path = comparision_operators.swift; sourceTree = "<group>"; };
		B7DCB0C127BF4F3D00552408 /* range_operators.swift */ = {isa = PBXFileReference; lastKnownFileType = sourcecode.swift; path = range_operators.swift; sourceTree = "<group>"; };
		B7FF4BDC27A8E4F4002B7D63 /* testing_swift */ = {isa = PBXFileReference; explicitFileType = "compiled.mach-o.executable"; includeInIndex = 0; path = testing_swift; sourceTree = BUILT_PRODUCTS_DIR; };
		B7FF4BDF27A8E4F4002B7D63 /* main.swift */ = {isa = PBXFileReference; lastKnownFileType = sourcecode.swift; path = main.swift; sourceTree = "<group>"; };
/* End PBXFileReference section */

/* Begin PBXFrameworksBuildPhase section */
		B7FF4BD927A8E4F4002B7D63 /* Frameworks */ = {
			isa = PBXFrameworksBuildPhase;
			buildActionMask = 2147483647;
			files = (
			);
			runOnlyForDeploymentPostprocessing = 0;
		};
/* End PBXFrameworksBuildPhase section */

/* Begin PBXGroup section */
		B789165D27CDCC93004781DE /* control_flow */ = {
			isa = PBXGroup;
			children = (
				B789165E27CDCD0A004781DE /* switch.swift */,
			);
			path = control_flow;
			sourceTree = "<group>";
		};
		B7DCB0BE27BF3E8000552408 /* basic_operators */ = {
			isa = PBXGroup;
			children = (
				B7DCB0BF27BF3F2300552408 /* comparision_operators.swift */,
				B7DCB0C127BF4F3D00552408 /* range_operators.swift */,
			);
			path = basic_operators;
			sourceTree = "<group>";
		};
		B7FF4BD327A8E4F4002B7D63 = {
			isa = PBXGroup;
			children = (
				B789165D27CDCC93004781DE /* control_flow */,
				B7DCB0BE27BF3E8000552408 /* basic_operators */,
				B7DCB0BD27BF3C4900552408 /* README.md */,
				B7FF4BDE27A8E4F4002B7D63 /* basics */,
				B7FF4BDD27A8E4F4002B7D63 /* Products */,
			);
			sourceTree = "<group>";
		};
		B7FF4BDD27A8E4F4002B7D63 /* Products */ = {
			isa = PBXGroup;
			children = (
				B7FF4BDC27A8E4F4002B7D63 /* testing_swift */,
			);
			name = Products;
			sourceTree = "<group>";
		};
		B7FF4BDE27A8E4F4002B7D63 /* basics */ = {
			isa = PBXGroup;
			children = (
				B7FF4BDF27A8E4F4002B7D63 /* main.swift */,
			);
			path = basics;
			sourceTree = "<group>";
		};
/* End PBXGroup section */

/* Begin PBXNativeTarget section */
		B7FF4BDB27A8E4F4002B7D63 /* testing_swift */ = {
			isa = PBXNativeTarget;
			buildConfigurationList = B7FF4BE327A8E4F4002B7D63 /* Build configuration list for PBXNativeTarget "testing_swift" */;
			buildPhases = (
				B7FF4BD827A8E4F4002B7D63 /* Sources */,
				B7FF4BD927A8E4F4002B7D63 /* Frameworks */,
				B7FF4BDA27A8E4F4002B7D63 /* CopyFiles */,
			);
			buildRules = (
			);
			dependencies = (
			);
			name = testing_swift;
			productName = testing_swift;
			productReference = B7FF4BDC27A8E4F4002B7D63 /* testing_swift */;
			productType = "com.apple.product-type.tool";
		};
/* End PBXNativeTarget section */

/* Begin PBXProject section */
		B7FF4BD427A8E4F4002B7D63 /* Project object */ = {
			isa = PBXProject;
			attributes = {
				BuildIndependentTargetsInParallel = 1;
				LastSwiftUpdateCheck = 1320;
				LastUpgradeCheck = 1320;
				TargetAttributes = {
					B7FF4BDB27A8E4F4002B7D63 = {
						CreatedOnToolsVersion = 13.2.1;
					};
				};
			};
			buildConfigurationList = B7FF4BD727A8E4F4002B7D63 /* Build configuration list for PBXProject "testing_swift" */;
			compatibilityVersion = "Xcode 13.0";
			developmentRegion = en;
			hasScannedForEncodings = 0;
			knownRegions = (
				en,
				Base,
			);
			mainGroup = B7FF4BD327A8E4F4002B7D63;
			productRefGroup = B7FF4BDD27A8E4F4002B7D63 /* Products */;
			projectDirPath = "";
			projectRoot = "";
			targets = (
				B7FF4BDB27A8E4F4002B7D63 /* testing_swift */,
			);
		};
/* End PBXProject section */

/* Begin PBXSourcesBuildPhase section */
		B7FF4BD827A8E4F4002B7D63 /* Sources */ = {
			isa = PBXSourcesBuildPhase;
			buildActionMask = 2147483647;
			files = (
				B7DCB0C027BF3F2300552408 /* comparision_operators.swift in Sources */,
				B789165F27CDCD0A004781DE /* switch.swift in Sources */,
				B7FF4BE027A8E4F4002B7D63 /* main.swift in Sources */,
				B7DCB0C227BF4F3D00552408 /* range_operators.swift in Sources */,
			);
			runOnlyForDeploymentPostprocessing = 0;
		};
/* End PBXSourcesBuildPhase section */

/* Begin XCBuildConfiguration section */
		B7FF4BE127A8E4F4002B7D63 /* Debug */ = {
			isa = XCBuildConfiguration;
			buildSettings = {
				ALWAYS_SEARCH_USER_PATHS = NO;
				CLANG_ANALYZER_NONNULL = YES;
				CLANG_ANALYZER_NUMBER_OBJECT_CONVERSION = YES_AGGRESSIVE;
				CLANG_CXX_LANGUAGE_STANDARD = "gnu++17";
				CLANG_CXX_LIBRARY = "libc++";
				CLANG_ENABLE_MODULES = YES;
				CLANG_ENABLE_OBJC_ARC = YES;
				CLANG_ENABLE_OBJC_WEAK = YES;
				CLANG_WARN_BLOCK_CAPTURE_AUTORELEASING = YES;
				CLANG_WARN_BOOL_CONVERSION = YES;
				CLANG_WARN_COMMA = YES;
				CLANG_WARN_CONSTANT_CONVERSION = YES;
				CLANG_WARN_DEPRECATED_OBJC_IMPLEMENTATIONS = YES;
				CLANG_WARN_DIRECT_OBJC_ISA_USAGE = YES_ERROR;
				CLANG_WARN_DOCUMENTATION_COMMENTS = YES;
				CLANG_WARN_EMPTY_BODY = YES;
				CLANG_WARN_ENUM_CONVERSION = YES;
				CLANG_WARN_INFINITE_RECURSION = YES;
				CLANG_WARN_INT_CONVERSION = YES;
				CLANG_WARN_NON_LITERAL_NULL_CONVERSION = YES;
				CLANG_WARN_OBJC_IMPLICIT_RETAIN_SELF = YES;
				CLANG_WARN_OBJC_LITERAL_CONVERSION = YES;
				CLANG_WARN_OBJC_ROOT_CLASS = YES_ERROR;
				CLANG_WARN_QUOTED_INCLUDE_IN_FRAMEWORK_HEADER = YES;
				CLANG_WARN_RANGE_LOOP_ANALYSIS = YES;
				CLANG_WARN_STRICT_PROTOTYPES = YES;
				CLANG_WARN_SUSPICIOUS_MOVE = YES;
				CLANG_WARN_UNGUARDED_AVAILABILITY = YES_AGGRESSIVE;
				CLANG_WARN_UNREACHABLE_CODE = YES;
				CLANG_WARN__DUPLICATE_METHOD_MATCH = YES;
				COPY_PHASE_STRIP = NO;
				DEBUG_INFORMATION_FORMAT = dwarf;
				ENABLE_STRICT_OBJC_MSGSEND = YES;
				ENABLE_TESTABILITY = YES;
				GCC_C_LANGUAGE_STANDARD = gnu11;
				GCC_DYNAMIC_NO_PIC = NO;
				GCC_NO_COMMON_BLOCKS = YES;
				GCC_OPTIMIZATION_LEVEL = 0;
				GCC_PREPROCESSOR_DEFINITIONS = (
					"DEBUG=1",
					"$(inherited)",
				);
				GCC_WARN_64_TO_32_BIT_CONVERSION = YES;
				GCC_WARN_ABOUT_RETURN_TYPE = YES_ERROR;
				GCC_WARN_UNDECLARED_SELECTOR = YES;
				GCC_WARN_UNINITIALIZED_AUTOS = YES_AGGRESSIVE;
				GCC_WARN_UNUSED_FUNCTION = YES;
				GCC_WARN_UNUSED_VARIABLE = YES;
				MACOSX_DEPLOYMENT_TARGET = 12.1;
				MTL_ENABLE_DEBUG_INFO = INCLUDE_SOURCE;
				MTL_FAST_MATH = YES;
				ONLY_ACTIVE_ARCH = YES;
				SDKROOT = macosx;
				SWIFT_ACTIVE_COMPILATION_CONDITIONS = DEBUG;
				SWIFT_OPTIMIZATION_LEVEL = "-Onone";
			};
			name = Debug;
		};
		B7FF4BE227A8E4F4002B7D63 /* Release */ = {
			isa = XCBuildConfiguration;
			buildSettings = {
				ALWAYS_SEARCH_USER_PATHS = NO;
				CLANG_ANALYZER_NONNULL = YES;
				CLANG_ANALYZER_NUMBER_OBJECT_CONVERSION = YES_AGGRESSIVE;
				CLANG_CXX_LANGUAGE_STANDARD = "gnu++17";
				CLANG_CXX_LIBRARY = "libc++";
				CLANG_ENABLE_MODULES = YES;
				CLANG_ENABLE_OBJC_ARC = YES;
				CLANG_ENABLE_OBJC_WEAK = YES;
				CLANG_WARN_BLOCK_CAPTURE_AUTORELEASING = YES;
				CLANG_WARN_BOOL_CONVERSION = YES;
				CLANG_WARN_COMMA = YES;
				CLANG_WARN_CONSTANT_CONVERSION = YES;
				CLANG_WARN_DEPRECATED_OBJC_IMPLEMENTATIONS = YES;
				CLANG_WARN_DIRECT_OBJC_ISA_USAGE = YES_ERROR;
				CLANG_WARN_DOCUMENTATION_COMMENTS = YES;
				CLANG_WARN_EMPTY_BODY = YES;
				CLANG_WARN_ENUM_CONVERSION = YES;
				CLANG_WARN_INFINITE_RECURSION = YES;
				CLANG_WARN_INT_CONVERSION = YES;
				CLANG_WARN_NON_LITERAL_NULL_CONVERSION = YES;
				CLANG_WARN_OBJC_IMPLICIT_RETAIN_SELF = YES;
				CLANG_WARN_OBJC_LITERAL_CONVERSION = YES;
				CLANG_WARN_OBJC_ROOT_CLASS = YES_ERROR;
				CLANG_WARN_QUOTED_INCLUDE_IN_FRAMEWORK_HEADER = YES;
				CLANG_WARN_RANGE_LOOP_ANALYSIS = YES;
				CLANG_WARN_STRICT_PROTOTYPES = YES;
				CLANG_WARN_SUSPICIOUS_MOVE = YES;
				CLANG_WARN_UNGUARDED_AVAILABILITY = YES_AGGRESSIVE;
				CLANG_WARN_UNREACHABLE_CODE = YES;
				CLANG_WARN__DUPLICATE_METHOD_MATCH = YES;
				COPY_PHASE_STRIP = NO;
				DEBUG_INFORMATION_FORMAT = "dwarf-with-dsym";
				ENABLE_NS_ASSERTIONS = NO;
				ENABLE_STRICT_OBJC_MSGSEND = YES;
				GCC_C_LANGUAGE_STANDARD = gnu11;
				GCC_NO_COMMON_BLOCKS = YES;
				GCC_WARN_64_TO_32_BIT_CONVERSION = YES;
				GCC_WARN_ABOUT_RETURN_TYPE = YES_ERROR;
				GCC_WARN_UNDECLARED_SELECTOR = YES;
				GCC_WARN_UNINITIALIZED_AUTOS = YES_AGGRESSIVE;
				GCC_WARN_UNUSED_FUNCTION = YES;
				GCC_WARN_UNUSED_VARIABLE = YES;
				MACOSX_DEPLOYMENT_TARGET = 12.1;
				MTL_ENABLE_DEBUG_INFO = NO;
				MTL_FAST_MATH = YES;
				SDKROOT = macosx;
				SWIFT_COMPILATION_MODE = wholemodule;
				SWIFT_OPTIMIZATION_LEVEL = "-O";
			};
			name = Release;
		};
		B7FF4BE427A8E4F4002B7D63 /* Debug */ = {
			isa = XCBuildConfiguration;
			buildSettings = {
				CODE_SIGN_STYLE = Automatic;
				PRODUCT_NAME = "$(TARGET_NAME)";
				SWIFT_VERSION = 5.0;
			};
			name = Debug;
		};
		B7FF4BE527A8E4F4002B7D63 /* Release */ = {
			isa = XCBuildConfiguration;
			buildSettings = {
				CODE_SIGN_STYLE = Automatic;
				PRODUCT_NAME = "$(TARGET_NAME)";
				SWIFT_VERSION = 5.0;
			};
			name = Release;
		};
/* End XCBuildConfiguration section */

/* Begin XCConfigurationList section */
		B7FF4BD727A8E4F4002B7D63 /* Build configuration list for PBXProject "testing_swift" */ = {
			isa = XCConfigurationList;
			buildConfigurations = (
				B7FF4BE127A8E4F4002B7D63 /* Debug */,
				B7FF4BE227A8E4F4002B7D63 /* Release */,
			);
			defaultConfigurationIsVisible = 0;
			defaultConfigurationName = Release;
		};
		B7FF4BE327A8E4F4002B7D63 /* Build configuration list for PBXNativeTarget "testing_swift" */ = {
			isa = XCConfigurationList;
			buildConfigurations = (
				B7FF4BE427A8E4F4002B7D63 /* Debug */,
				B7FF4BE527A8E4F4002B7D63 /* Release */,
			);
			defaultConfigurationIsVisible = 0;
			defaultConfigurationName = Release;
		};
/* End XCConfigurationList section */
	};
	rootObject = B7FF4BD427A8E4F4002B7D63 /* Project object */;
}
